
Microsoft Visual Studio Solution File, Format Version 12.00
# Visual Studio Version 17
VisualStudioVersion = 17.6.33829.357
MinimumVisualStudioVersion = 10.0.40219.1
Project("{FAE04EC0-301F-11D3-BF4B-00C04F79EFBC}") = "wavepeak", "wavepeak\wavepeak.csproj", "{18998913-E4F0-487A-B9CF-DC50D511D886}"
EndProject
Global
	GlobalSection(SolutionConfigurationPlatforms) = preSolution
		Debug|Any CPU = Debug|Any CPU
		Release|Any CPU = Release|Any CPU
	EndGlobalSection
	GlobalSection(ProjectConfigurationPlatforms) = postSolution
		{18998913-E4F0-487A-B9CF-DC50D511D886}.Debug|Any CPU.ActiveCfg = Debug|Any CPU
		{18998913-E4F0-487A-B9CF-DC50D511D886}.Debug|Any CPU.Build.0 = Debug|Any CPU
		{18998913-E4F0-487A-B9CF-DC50D511D886}.Release|Any CPU.ActiveCfg = Release|Any CPU
		{18998913-E4F0-487A-B9CF-DC50D511D886}.Release|Any CPU.Build.0 = Release|Any CPU
	EndGlobalSection
	GlobalSection(SolutionProperties) = preSolution
		HideSolutionNode = FALSE
	EndGlobalSection
	GlobalSection(ExtensibilityGlobals) = postSolution
		SolutionGuid = {765EB340-27A3-421A-BA0C-11F8405D0466}
	EndGlobalSection
EndGlobal
