
Microsoft Visual Studio Solution File, Format Version 12.00
# Visual Studio Version 17
VisualStudioVersion = 17.6.33829.357
MinimumVisualStudioVersion = 10.0.40219.1
Project("{FAE04EC0-301F-11D3-BF4B-00C04F79EFBC}") = "graphglobal", "graphglobal\graphglobal.csproj", "{079E6BA1-AB5A-4616-B195-E55122BA8F08}"
EndProject
Global
	GlobalSection(SolutionConfigurationPlatforms) = preSolution
		Debug|Any CPU = Debug|Any CPU
		Release|Any CPU = Release|Any CPU
	EndGlobalSection
	GlobalSection(ProjectConfigurationPlatforms) = postSolution
		{079E6BA1-AB5A-4616-B195-E55122BA8F08}.Debug|Any CPU.ActiveCfg = Debug|Any CPU
		{079E6BA1-AB5A-4616-B195-E55122BA8F08}.Debug|Any CPU.Build.0 = Debug|Any CPU
		{079E6BA1-AB5A-4616-B195-E55122BA8F08}.Release|Any CPU.ActiveCfg = Release|Any CPU
		{079E6BA1-AB5A-4616-B195-E55122BA8F08}.Release|Any CPU.Build.0 = Release|Any CPU
	EndGlobalSection
	GlobalSection(SolutionProperties) = preSolution
		HideSolutionNode = FALSE
	EndGlobalSection
	GlobalSection(ExtensibilityGlobals) = postSolution
		SolutionGuid = {B0C992ED-F7DF-412D-ACA3-6C2712B4E0D8}
	EndGlobalSection
EndGlobal
